
Microsoft Visual Studio Solution File, Format Version 12.00
# Visual Studio Version 17
VisualStudioVersion = 17.8.34330.188
MinimumVisualStudioVersion = 10.0.40219.1
Project("{FAE04EC0-301F-11D3-BF4B-00C04F79EFBC}") = "RASCHET HASHODOV", "RASCHET HASHODOV.csproj", "{857BD10E-A301-435E-A39E-D646C22B8A79}"
EndProject
Global
	GlobalSection(SolutionConfigurationPlatforms) = preSolution
		Debug|Any CPU = Debug|Any CPU
		Release|Any CPU = Release|Any CPU
	EndGlobalSection
	GlobalSection(ProjectConfigurationPlatforms) = postSolution
		{857BD10E-A301-435E-A39E-D646C22B8A79}.Debug|Any CPU.ActiveCfg = Debug|Any CPU
		{857BD10E-A301-435E-A39E-D646C22B8A79}.Debug|Any CPU.Build.0 = Debug|Any CPU
		{857BD10E-A301-435E-A39E-D646C22B8A79}.Release|Any CPU.ActiveCfg = Release|Any CPU
		{857BD10E-A301-435E-A39E-D646C22B8A79}.Release|Any CPU.Build.0 = Release|Any CPU
	EndGlobalSection
	GlobalSection(SolutionProperties) = preSolution
		HideSolutionNode = FALSE
	EndGlobalSection
	GlobalSection(ExtensibilityGlobals) = postSolution
		SolutionGuid = {7EFE063B-01CD-4EC8-B441-947677ACDB53}
	EndGlobalSection
EndGlobal
